
Microsoft Visual Studio Solution File, Format Version 11.00
# Visual Studio 2010
Project("{FAE04EC0-301F-11D3-BF4B-00C04F79EFBC}") = "HeißerDraht", "Assembly-CSharp.csproj", "{2E308F2F-4B84-D5F3-BD27-8BA506215F14}"
EndProject
Project("{FAE04EC0-301F-11D3-BF4B-00C04F79EFBC}") = "HeißerDraht", "Assembly-CSharp-Editor.csproj", "{44E960C6-7541-1F6B-B6C4-4B3FB831CDF3}"
EndProject
Global
	GlobalSection(SolutionConfigurationPlatforms) = preSolution
		Debug|Any CPU = Debug|Any CPU
		Release|Any CPU = Release|Any CPU
	EndGlobalSection
	GlobalSection(ProjectConfigurationPlatforms) = postSolution
		{2E308F2F-4B84-D5F3-BD27-8BA506215F14}.Debug|Any CPU.ActiveCfg = Debug|Any CPU
		{2E308F2F-4B84-D5F3-BD27-8BA506215F14}.Debug|Any CPU.Build.0 = Debug|Any CPU
		{2E308F2F-4B84-D5F3-BD27-8BA506215F14}.Release|Any CPU.ActiveCfg = Release|Any CPU
		{2E308F2F-4B84-D5F3-BD27-8BA506215F14}.Release|Any CPU.Build.0 = Release|Any CPU
		{44E960C6-7541-1F6B-B6C4-4B3FB831CDF3}.Debug|Any CPU.ActiveCfg = Debug|Any CPU
		{44E960C6-7541-1F6B-B6C4-4B3FB831CDF3}.Debug|Any CPU.Build.0 = Debug|Any CPU
		{44E960C6-7541-1F6B-B6C4-4B3FB831CDF3}.Release|Any CPU.ActiveCfg = Release|Any CPU
		{44E960C6-7541-1F6B-B6C4-4B3FB831CDF3}.Release|Any CPU.Build.0 = Release|Any CPU
	EndGlobalSection
	GlobalSection(SolutionProperties) = preSolution
		HideSolutionNode = FALSE
	EndGlobalSection
	GlobalSection(MonoDevelopProperties) = preSolution
		StartupItem = Assembly-CSharp.csproj
	EndGlobalSection
EndGlobal
